
Microsoft Visual Studio Solution File, Format Version 12.00
# Visual Studio Version 17
VisualStudioVersion = 17.5.33502.453
MinimumVisualStudioVersion = 10.0.40219.1
Project("{8BC9CEB8-8B4A-11D0-8D11-00A0C91BC942}") = "Car", "Car\Car.vcxproj", "{FC0280B0-B77B-4B16-8389-5F5B991BFD9E}"
EndProject
Project("{8BC9CEB8-8B4A-11D0-8D11-00A0C91BC942}") = "Car_tests", "Car_tests\Car_tests.vcxproj", "{E440372A-92AA-4860-BBE4-F11A4E9C2A9F}"
EndProject
Global
	GlobalSection(SolutionConfigurationPlatforms) = preSolution
		Debug|x64 = Debug|x64
		Debug|x86 = Debug|x86
		Release|x64 = Release|x64
		Release|x86 = Release|x86
	EndGlobalSection
	GlobalSection(ProjectConfigurationPlatforms) = postSolution
		{FC0280B0-B77B-4B16-8389-5F5B991BFD9E}.Debug|x64.ActiveCfg = Debug|x64
		{FC0280B0-B77B-4B16-8389-5F5B991BFD9E}.Debug|x64.Build.0 = Debug|x64
		{FC0280B0-B77B-4B16-8389-5F5B991BFD9E}.Debug|x86.ActiveCfg = Debug|Win32
		{FC0280B0-B77B-4B16-8389-5F5B991BFD9E}.Debug|x86.Build.0 = Debug|Win32
		{FC0280B0-B77B-4B16-8389-5F5B991BFD9E}.Release|x64.ActiveCfg = Release|x64
		{FC0280B0-B77B-4B16-8389-5F5B991BFD9E}.Release|x64.Build.0 = Release|x64
		{FC0280B0-B77B-4B16-8389-5F5B991BFD9E}.Release|x86.ActiveCfg = Release|Win32
		{FC0280B0-B77B-4B16-8389-5F5B991BFD9E}.Release|x86.Build.0 = Release|Win32
		{E440372A-92AA-4860-BBE4-F11A4E9C2A9F}.Debug|x64.ActiveCfg = Debug|x64
		{E440372A-92AA-4860-BBE4-F11A4E9C2A9F}.Debug|x64.Build.0 = Debug|x64
		{E440372A-92AA-4860-BBE4-F11A4E9C2A9F}.Debug|x86.ActiveCfg = Debug|Win32
		{E440372A-92AA-4860-BBE4-F11A4E9C2A9F}.Debug|x86.Build.0 = Debug|Win32
		{E440372A-92AA-4860-BBE4-F11A4E9C2A9F}.Release|x64.ActiveCfg = Release|x64
		{E440372A-92AA-4860-BBE4-F11A4E9C2A9F}.Release|x64.Build.0 = Release|x64
		{E440372A-92AA-4860-BBE4-F11A4E9C2A9F}.Release|x86.ActiveCfg = Release|Win32
		{E440372A-92AA-4860-BBE4-F11A4E9C2A9F}.Release|x86.Build.0 = Release|Win32
	EndGlobalSection
	GlobalSection(SolutionProperties) = preSolution
		HideSolutionNode = FALSE
	EndGlobalSection
	GlobalSection(ExtensibilityGlobals) = postSolution
		SolutionGuid = {FF9D5147-D018-4C51-9A64-C2C6A74A2E63}
	EndGlobalSection
EndGlobal
