
Microsoft Visual Studio Solution File, Format Version 12.00
# Visual Studio Version 17
VisualStudioVersion = 17.6.33723.286
MinimumVisualStudioVersion = 10.0.40219.1
Project("{8BC9CEB8-8B4A-11D0-8D11-00A0C91BC942}") = "CMyList", "CMyList\CMyList.vcxproj", "{F564A702-EEBD-4CEC-BA6C-CFF617C58396}"
EndProject
Project("{8BC9CEB8-8B4A-11D0-8D11-00A0C91BC942}") = "CMyList_tests", "CMyList_tests\CMyList_tests.vcxproj", "{AF79DFB0-81E0-4579-A4AE-60A4816CE011}"
EndProject
Global
	GlobalSection(SolutionConfigurationPlatforms) = preSolution
		Debug|x64 = Debug|x64
		Debug|x86 = Debug|x86
		Release|x64 = Release|x64
		Release|x86 = Release|x86
	EndGlobalSection
	GlobalSection(ProjectConfigurationPlatforms) = postSolution
		{F564A702-EEBD-4CEC-BA6C-CFF617C58396}.Debug|x64.ActiveCfg = Debug|x64
		{F564A702-EEBD-4CEC-BA6C-CFF617C58396}.Debug|x64.Build.0 = Debug|x64
		{F564A702-EEBD-4CEC-BA6C-CFF617C58396}.Debug|x86.ActiveCfg = Debug|Win32
		{F564A702-EEBD-4CEC-BA6C-CFF617C58396}.Debug|x86.Build.0 = Debug|Win32
		{F564A702-EEBD-4CEC-BA6C-CFF617C58396}.Release|x64.ActiveCfg = Release|x64
		{F564A702-EEBD-4CEC-BA6C-CFF617C58396}.Release|x64.Build.0 = Release|x64
		{F564A702-EEBD-4CEC-BA6C-CFF617C58396}.Release|x86.ActiveCfg = Release|Win32
		{F564A702-EEBD-4CEC-BA6C-CFF617C58396}.Release|x86.Build.0 = Release|Win32
		{AF79DFB0-81E0-4579-A4AE-60A4816CE011}.Debug|x64.ActiveCfg = Debug|x64
		{AF79DFB0-81E0-4579-A4AE-60A4816CE011}.Debug|x64.Build.0 = Debug|x64
		{AF79DFB0-81E0-4579-A4AE-60A4816CE011}.Debug|x86.ActiveCfg = Debug|Win32
		{AF79DFB0-81E0-4579-A4AE-60A4816CE011}.Debug|x86.Build.0 = Debug|Win32
		{AF79DFB0-81E0-4579-A4AE-60A4816CE011}.Release|x64.ActiveCfg = Release|x64
		{AF79DFB0-81E0-4579-A4AE-60A4816CE011}.Release|x64.Build.0 = Release|x64
		{AF79DFB0-81E0-4579-A4AE-60A4816CE011}.Release|x86.ActiveCfg = Release|Win32
		{AF79DFB0-81E0-4579-A4AE-60A4816CE011}.Release|x86.Build.0 = Release|Win32
	EndGlobalSection
	GlobalSection(SolutionProperties) = preSolution
		HideSolutionNode = FALSE
	EndGlobalSection
	GlobalSection(ExtensibilityGlobals) = postSolution
		SolutionGuid = {64596CA1-3126-4BAA-A626-F7FD684165D5}
	EndGlobalSection
EndGlobal
